lockfileVersion: '9.0'

settings:
  autoInstallPeers: true
  excludeLinksFromLockfile: false

importers:

  .:
    dependencies:
      dotenv:
        specifier: ^17.2.2
        version: 17.2.2
      indexeddb:
        specifier: ^0.0.0
        version: 0.0.0
      react-chat-elements:
        specifier: ^12.0.18
        version: 12.0.18(react-dom@18.2.0(react@18.3.1))(react@18.3.1)
      react-router-dom:
        specifier: ^7.8.2
        version: 7.9.1(react-dom@18.2.0(react@18.3.1))(react@18.3.1)

packages:

  '@hugeicons/core-free-icons@1.0.17':
    resolution: {integrity: sha512-+o5GCTJ+JSvYfJtSw7cyQXc9wOkRYa0FywKZAQPsD/lZE0j+3O52fZsAmQLekqViDybI4volujsqLfS+Mi9/SQ==}

  '@hugeicons/react@1.1.1':
    resolution: {integrity: sha512-BAbFVtx0XZ/yF2poPLFn0N9Ji6ebV/MpI5+WRqooFp3smQDwpL+72m+BBs4KAM5djgWUpg12weyc5SJtTsOwsw==}
    peerDependencies:
      react: '>=16.0.0'

  classnames@2.5.1:
    resolution: {integrity: sha512-saHYOzhIQs6wy2sVxTM6bUDsQO4F50V9RQ22qBpEdCW+I+/Wmke2HOl6lS6dTpdxVhb88/I6+Hs+438c3lfUow==}

  cookie@1.0.2:
    resolution: {integrity: sha512-9Kr/j4O16ISv8zBBhJoi4bXOYNTkFLOqSL3UDB0njXxCXNezjeyVrJyGOWtgfs/q2km1gwBcfH8q1yEGoMYunA==}
    engines: {node: '>=18'}

  dotenv@17.2.2:
    resolution: {integrity: sha512-Sf2LSQP+bOlhKWWyhFsn0UsfdK/kCWRv1iuA2gXAwt3dyNabr6QSj00I2V10pidqz69soatm9ZwZvpQMTIOd5Q==}
    engines: {node: '>=12'}

  fsevents@2.3.3:
    resolution: {integrity: sha512-5xoDfX+fL7faATnagmWPpbFtwh/R77WmMMqqHGS65C3vvB0YHrgF+B1YmZ3441tMj5n63k0212XNoJwzlhffQw==}
    engines: {node: ^8.16.0 || ^10.6.0 || >=11.0.0}
    os: [darwin]

  indexeddb@0.0.0:
    resolution: {integrity: sha512-5tzotmKaxpGEoy7TD4GSjMuAP1b20cs5XgVFLPPp3t8KLDLoemsA1Gi9taowtYT9uyq1+RdWQJ7l6D5WdimHog==}

  js-tokens@4.0.0:
    resolution: {integrity: sha512-RdJUflcE3cUzKiMqQgsCu06FPu9UdIJO0beYbPhHN4k6apgJtifcoCtT9bcxOpYBtpD2kCM6Sbzg4CausW/PKQ==}

  loaders.css@0.1.2:
    resolution: {integrity: sha512-Rhowlq24ey1VOeor+3wYOt9+MjaxBOJm1u4KlQgNC3+0xJ0LS4wq4iG57D/BPzvuD/7HHDGQOWJ+81oR2EI9bQ==}

  lodash.merge@4.6.2:
    resolution: {integrity: sha512-0KpjqXRVvrYyCsX1swR/XTK0va6VQkQM6MNo7PqW77ByjAhoARA8EfrP1N4+KlKj8YS0ZUCtRT/YUuhyYDujIQ==}

  loose-envify@1.4.0:
    resolution: {integrity: sha512-lyuxPGr/Wfhrlem2CL/UcnUc1zcqKAImBDzukY7Y5F/yQiNdko6+fRLevlw1HgMySw7f611UIY408EtxRSoK3Q==}
    hasBin: true

  object-assign@4.1.1:
    resolution: {integrity: sha512-rJgTQnkUnH1sFw8yT6VSU3zD3sWmu6sZhIseY8VX+GRu3P6F7Fu+JNDoXfklElbLJSnc3FUQHVe4cU5hj+BcUg==}
    engines: {node: '>=0.10.0'}

  progressbar.js@1.1.1:
    resolution: {integrity: sha512-FBsw3BKsUbb+hNeYfiP3xzvAAQrPi4DnGDw66bCmfuRCDLcslxyxv2GyYUdBSKFGSIBa73CUP5WMcl6F8AAXlw==}

  prop-types@15.8.1:
    resolution: {integrity: sha512-oj87CgZICdulUohogVAR7AjlC0327U4el4L6eAvOqCeudMDVU0NThNaV+b9Df4dXgSP1gXMTnPdhfe/2qDH5cg==}

  react-chat-elements@12.0.18:
    resolution: {integrity: sha512-V1CV/pK6HwS9BvXYLA1SXnJpUvnUcBNwXMsRrAHZ9NvHLbEmBvRdt6fONY8/zEyDvkQBeDSOS2rc2hjNhXvyQA==}
    peerDependencies:
      react: ^18.2.0
      react-dom: 18.2.0

  react-dom@18.2.0:
    resolution: {integrity: sha512-6IMTriUmvsjHUjNtEDudZfuDQUoWXVxKHhlEGSk81n4YFS+r/Kl99wXiwlVXtPBtJenozv2P+hxDsw9eA7Xo6g==}
    peerDependencies:
      react: ^18.2.0

  react-is@16.13.1:
    resolution: {integrity: sha512-24e6ynE2H+OKt4kqsOvNd8kBpV65zoxbA4BVsEOB3ARVWQki/DHzaUoC5KuON/BiccDaCCTZBuOcfZs70kR8bQ==}

  react-router-dom@7.9.1:
    resolution: {integrity: sha512-U9WBQssBE9B1vmRjo9qTM7YRzfZ3lUxESIZnsf4VjR/lXYz9MHjvOxHzr/aUm4efpktbVOrF09rL/y4VHa8RMw==}
    engines: {node: '>=20.0.0'}
    peerDependencies:
      react: '>=18'
      react-dom: '>=18'

  react-router@7.9.1:
    resolution: {integrity: sha512-pfAByjcTpX55mqSDGwGnY9vDCpxqBLASg0BMNAuMmpSGESo/TaOUG6BllhAtAkCGx8Rnohik/XtaqiYUJtgW2g==}
    engines: {node: '>=20.0.0'}
    peerDependencies:
      react: '>=18'
      react-dom: '>=18'
    peerDependenciesMeta:
      react-dom:
        optional: true

  react-spinkit@3.0.0:
    resolution: {integrity: sha512-RrfGRPjqxHQiy7quPqhjPynTu0zobgQaZu1QYBMpJJ6pCSRRRK16EZMaxdE6fLVYFRJWpX/eGATWLMoVFFT5uQ==}

  react@18.3.1:
    resolution: {integrity: sha512-wS+hAgJShR0KhEvPJArfuPVN1+Hz1t0Y6n5jLrGQbkb4urgPE/0Rve+1kMB1v/oWgHgm4WIcV+i7F2pTVj+2iQ==}
    engines: {node: '>=0.10.0'}

  scheduler@0.23.2:
    resolution: {integrity: sha512-UOShsPwz7NrMUqhR6t0hWjFduvOzbtv7toDH1/hIrfRNIDBnnBWd0CwJTGvTpngVlmwGCdP9/Zl/tVrDqcuYzQ==}

  set-cookie-parser@2.7.1:
    resolution: {integrity: sha512-IOc8uWeOZgnb3ptbCURJWNjWUPcO3ZnTTdzsurqERrP6nPyv+paC55vJM0LpOlT2ne+Ix+9+CRG1MNLlyZ4GjQ==}

  shifty@2.20.4:
    resolution: {integrity: sha512-4Y0qRkg8ME5XN8yGNAwmFOmsIURGFKT9UQfNL6DDJQErYtN5HsjyoBuJn41ZQfTkuu2rIbRMn9qazjKsDpO2TA==}

  timeago.js@4.0.2:
    resolution: {integrity: sha512-a7wPxPdVlQL7lqvitHGGRsofhdwtkoSXPGATFuSOA2i1ZNQEPLrGnj68vOp2sOJTCFAQVXPeNMX/GctBaO9L2w==}

snapshots:

  '@hugeicons/core-free-icons@1.0.17': {}

  '@hugeicons/react@1.1.1(react@18.3.1)':
    dependencies:
      react: 18.3.1

  classnames@2.5.1: {}

  cookie@1.0.2: {}

  dotenv@17.2.2: {}

  fsevents@2.3.3:
    optional: true

  indexeddb@0.0.0: {}

  js-tokens@4.0.0: {}

  loaders.css@0.1.2: {}

  lodash.merge@4.6.2: {}

  loose-envify@1.4.0:
    dependencies:
      js-tokens: 4.0.0

  object-assign@4.1.1: {}

  progressbar.js@1.1.1:
    dependencies:
      lodash.merge: 4.6.2
      shifty: 2.20.4

  prop-types@15.8.1:
    dependencies:
      loose-envify: 1.4.0
      object-assign: 4.1.1
      react-is: 16.13.1

  react-chat-elements@12.0.18(react-dom@18.2.0(react@18.3.1))(react@18.3.1):
    dependencies:
      '@hugeicons/core-free-icons': 1.0.17
      '@hugeicons/react': 1.1.1(react@18.3.1)
      classnames: 2.5.1
      progressbar.js: 1.1.1
      react: 18.3.1
      react-dom: 18.2.0(react@18.3.1)
      react-spinkit: 3.0.0
      timeago.js: 4.0.2

  react-dom@18.2.0(react@18.3.1):
    dependencies:
      loose-envify: 1.4.0
      react: 18.3.1
      scheduler: 0.23.2

  react-is@16.13.1: {}

  react-router-dom@7.9.1(react-dom@18.2.0(react@18.3.1))(react@18.3.1):
    dependencies:
      react: 18.3.1
      react-dom: 18.2.0(react@18.3.1)
      react-router: 7.9.1(react-dom@18.2.0(react@18.3.1))(react@18.3.1)

  react-router@7.9.1(react-dom@18.2.0(react@18.3.1))(react@18.3.1):
    dependencies:
      cookie: 1.0.2
      react: 18.3.1
      set-cookie-parser: 2.7.1
    optionalDependencies:
      react-dom: 18.2.0(react@18.3.1)

  react-spinkit@3.0.0:
    dependencies:
      classnames: 2.5.1
      loaders.css: 0.1.2
      object-assign: 4.1.1
      prop-types: 15.8.1

  react@18.3.1:
    dependencies:
      loose-envify: 1.4.0

  scheduler@0.23.2:
    dependencies:
      loose-envify: 1.4.0

  set-cookie-parser@2.7.1: {}

  shifty@2.20.4:
    optionalDependencies:
      fsevents: 2.3.3

  timeago.js@4.0.2: {}
